
Microsoft Visual Studio Solution File, Format Version 12.00
# Visual Studio Version 17
VisualStudioVersion = 17.14.36310.24
MinimumVisualStudioVersion = 10.0.40219.1
Project("{FAE04EC0-301F-11D3-BF4B-00C04F79EFBC}") = "Trees", "Trees\Trees.csproj", "{0A472D5D-59EB-4B31-9FB8-BEADF9A51435}"
EndProject
Project("{FAE04EC0-301F-11D3-BF4B-00C04F79EFBC}") = "Nunit3TreeTest", "Nunit3TreeTest\Nunit3TreeTest.csproj", "{98F1C3A1-72E2-4058-93B3-1F6D6AD11BBC}"
EndProject
Global
	GlobalSection(SolutionConfigurationPlatforms) = preSolution
		Debug|Any CPU = Debug|Any CPU
		Release|Any CPU = Release|Any CPU
	EndGlobalSection
	GlobalSection(ProjectConfigurationPlatforms) = postSolution
		{0A472D5D-59EB-4B31-9FB8-BEADF9A51435}.Debug|Any CPU.ActiveCfg = Debug|Any CPU
		{0A472D5D-59EB-4B31-9FB8-BEADF9A51435}.Debug|Any CPU.Build.0 = Debug|Any CPU
		{0A472D5D-59EB-4B31-9FB8-BEADF9A51435}.Release|Any CPU.ActiveCfg = Release|Any CPU
		{0A472D5D-59EB-4B31-9FB8-BEADF9A51435}.Release|Any CPU.Build.0 = Release|Any CPU
		{98F1C3A1-72E2-4058-93B3-1F6D6AD11BBC}.Debug|Any CPU.ActiveCfg = Debug|Any CPU
		{98F1C3A1-72E2-4058-93B3-1F6D6AD11BBC}.Debug|Any CPU.Build.0 = Debug|Any CPU
		{98F1C3A1-72E2-4058-93B3-1F6D6AD11BBC}.Release|Any CPU.ActiveCfg = Release|Any CPU
		{98F1C3A1-72E2-4058-93B3-1F6D6AD11BBC}.Release|Any CPU.Build.0 = Release|Any CPU
	EndGlobalSection
	GlobalSection(SolutionProperties) = preSolution
		HideSolutionNode = FALSE
	EndGlobalSection
	GlobalSection(ExtensibilityGlobals) = postSolution
		SolutionGuid = {00C2B9D4-F395-468B-88CA-5E1F839E5F4E}
	EndGlobalSection
EndGlobal
